{
  "name": "api",
  "version": "1.0.0",
  "lockfileVersion": 1,
  "requires": true,
  "dependencies": {
    "@azure/functions": {
      "version": "2.0.0",
      "resolved": "https://registry.npmjs.org/@azure/functions/-/functions-2.0.0.tgz",
      "integrity": "sha512-FUd0bdmM6LtApr9LNQi1BFpNchrk1FwkzieTSw0XzA9dCr83jI62MxWsM5YIFrDnJS3i2Ry81D78PecukGCL/w==",
      "dev": true
    },
    "@types/node": {
      "version": "14.18.33",
      "resolved": "https://registry.npmjs.org/@types/node/-/node-14.18.33.tgz",
      "integrity": "sha512-qelS/Ra6sacc4loe/3MSjXNL1dNQ/GjxNHVzuChwMfmk7HuycRLVQN2qNY3XahK+fZc5E2szqQSKUyAF0E+2bg==",
      "dev": true
    },
    "typescript": {
      "version": "4.9.3",
      "resolved": "https://registry.npmjs.org/typescript/-/typescript-4.9.3.tgz",
      "integrity": "sha512-CIfGzTelbKNEnLpLdGFgdyKhG23CKdKgQPOBc+OUNrkJ2vr+KSzsSV5kq5iWhEQbok+quxgGzrAtGWCyU7tHnA==",
      "dev": true
    }
  }
}
